// !$*UTF8*$!
{
	archiveVersion = 1;
	classes = {
	};
	objectVersion = 46;
	objects = {

/* Begin PBXBuildFile section */
		FE1207891685750F00153B86 /* UIKit.framework in Frameworks */ = {isa = PBXBuildFile; fileRef = FE1207881685750F00153B86 /* UIKit.framework */; };
		FE12078B1685750F00153B86 /* Foundation.framework in Frameworks */ = {isa = PBXBuildFile; fileRef = FE12078A1685750F00153B86 /* Foundation.framework */; };
		FE12078D1685750F00153B86 /* CoreGraphics.framework in Frameworks */ = {isa = PBXBuildFile; fileRef = FE12078C1685750F00153B86 /* CoreGraphics.framework */; };
		FE1207931685751000153B86 /* InfoPlist.strings in Resources */ = {isa = PBXBuildFile; fileRef = FE1207911685751000153B86 /* InfoPlist.strings */; };
		FE1207951685751000153B86 /* main.m in Sources */ = {isa = PBXBuildFile; fileRef = FE1207941685751000153B86 /* main.m */; };
		FE1207991685751000153B86 /* AppDelegate.m in Sources */ = {isa = PBXBuildFile; fileRef = FE1207981685751000153B86 /* AppDelegate.m */; };
		FE12079B1685751000153B86 /* Default.png in Resources */ = {isa = PBXBuildFile; fileRef = FE12079A1685751000153B86 /* Default.png */; };
		FE12079D1685751000153B86 /* Default@2x.png in Resources */ = {isa = PBXBuildFile; fileRef = FE12079C1685751000153B86 /* Default@2x.png */; };
		FE12079F1685751000153B86 /* Default-568h@2x.png in Resources */ = {isa = PBXBuildFile; fileRef = FE12079E1685751000153B86 /* Default-568h@2x.png */; };
		FE1207A21685751000153B86 /* MainStoryboard_iPhone.storyboard in Resources */ = {isa = PBXBuildFile; fileRef = FE1207A01685751000153B86 /* MainStoryboard_iPhone.storyboard */; };
		FE1207A51685751000153B86 /* MainStoryboard_iPad.storyboard in Resources */ = {isa = PBXBuildFile; fileRef = FE1207A31685751000153B86 /* MainStoryboard_iPad.storyboard */; };
		FE1207A81685751000153B86 /* MasterViewController.m in Sources */ = {isa = PBXBuildFile; fileRef = FE1207A71685751000153B86 /* MasterViewController.m */; };
		FE1207AB1685751000153B86 /* DetailViewController.m in Sources */ = {isa = PBXBuildFile; fileRef = FE1207AA1685751000153B86 /* DetailViewController.m */; };
		FE1207B31685751000153B86 /* SenTestingKit.framework in Frameworks */ = {isa = PBXBuildFile; fileRef = FE1207B21685751000153B86 /* SenTestingKit.framework */; };
		FE1207B41685751000153B86 /* UIKit.framework in Frameworks */ = {isa = PBXBuildFile; fileRef = FE1207881685750F00153B86 /* UIKit.framework */; };
		FE1207B51685751000153B86 /* Foundation.framework in Frameworks */ = {isa = PBXBuildFile; fileRef = FE12078A1685750F00153B86 /* Foundation.framework */; };
		FE1207BD1685751000153B86 /* InfoPlist.strings in Resources */ = {isa = PBXBuildFile; fileRef = FE1207BB1685751000153B86 /* InfoPlist.strings */; };
		FE1207C01685751000153B86 /* SportLotteryTests.m in Sources */ = {isa = PBXBuildFile; fileRef = FE1207BF1685751000153B86 /* SportLotteryTests.m */; };
		FE12517216A8EA5100ADDF07 /* logo.png in Resources */ = {isa = PBXBuildFile; fileRef = FE12517116A8EA5100ADDF07 /* logo.png */; };
		FE12517416A8EC5100ADDF07 /* logo.png in Resources */ = {isa = PBXBuildFile; fileRef = FE12517316A8EC5100ADDF07 /* logo.png */; };
		FE579EAC1686F83F00DA1801 /* Connector.m in Sources */ = {isa = PBXBuildFile; fileRef = FE579EAB1686F83F00DA1801 /* Connector.m */; };
		FE579EC71687280D00DA1801 /* NSObject+SBJson.m in Sources */ = {isa = PBXBuildFile; fileRef = FE579EAF1687280D00DA1801 /* NSObject+SBJson.m */; };
		FE579EC81687280D00DA1801 /* SBJsonParser.m in Sources */ = {isa = PBXBuildFile; fileRef = FE579EB21687280D00DA1801 /* SBJsonParser.m */; };
		FE579EC91687280D00DA1801 /* SBJsonStreamParser.m in Sources */ = {isa = PBXBuildFile; fileRef = FE579EB41687280D00DA1801 /* SBJsonStreamParser.m */; };
		FE579ECA1687280D00DA1801 /* SBJsonStreamParserAccumulator.m in Sources */ = {isa = PBXBuildFile; fileRef = FE579EB61687280D00DA1801 /* SBJsonStreamParserAccumulator.m */; };
		FE579ECB1687280D00DA1801 /* SBJsonStreamParserAdapter.m in Sources */ = {isa = PBXBuildFile; fileRef = FE579EB81687280D00DA1801 /* SBJsonStreamParserAdapter.m */; };
		FE579ECC1687280E00DA1801 /* SBJsonStreamParserState.m in Sources */ = {isa = PBXBuildFile; fileRef = FE579EBA1687280D00DA1801 /* SBJsonStreamParserState.m */; };
		FE579ECD1687280E00DA1801 /* SBJsonStreamWriter.m in Sources */ = {isa = PBXBuildFile; fileRef = FE579EBC1687280D00DA1801 /* SBJsonStreamWriter.m */; };
		FE579ECE1687280E00DA1801 /* SBJsonStreamWriterAccumulator.m in Sources */ = {isa = PBXBuildFile; fileRef = FE579EBE1687280D00DA1801 /* SBJsonStreamWriterAccumulator.m */; };
		FE579ECF1687280E00DA1801 /* SBJsonStreamWriterState.m in Sources */ = {isa = PBXBuildFile; fileRef = FE579EC01687280D00DA1801 /* SBJsonStreamWriterState.m */; };
		FE579ED01687280E00DA1801 /* SBJsonTokeniser.m in Sources */ = {isa = PBXBuildFile; fileRef = FE579EC21687280D00DA1801 /* SBJsonTokeniser.m */; };
		FE579ED11687280E00DA1801 /* SBJsonUTF8Stream.m in Sources */ = {isa = PBXBuildFile; fileRef = FE579EC41687280D00DA1801 /* SBJsonUTF8Stream.m */; };
		FE579ED21687280E00DA1801 /* SBJsonWriter.m in Sources */ = {isa = PBXBuildFile; fileRef = FE579EC61687280D00DA1801 /* SBJsonWriter.m */; };
		FE579ED51687620600DA1801 /* BasketballCell.m in Sources */ = {isa = PBXBuildFile; fileRef = FE579ED41687620600DA1801 /* BasketballCell.m */; };
		FE579ED8168869F600DA1801 /* AllDataViewController.m in Sources */ = {isa = PBXBuildFile; fileRef = FE579ED7168869F600DA1801 /* AllDataViewController.m */; };
		FEC8889F16B4D75400DE45DC /* EGORefreshTableHeaderView.m in Sources */ = {isa = PBXBuildFile; fileRef = FEC8889E16B4D75400DE45DC /* EGORefreshTableHeaderView.m */; };
		FEDD95CE168B56B700B91622 /* SystemConfiguration.framework in Frameworks */ = {isa = PBXBuildFile; fileRef = FEDD95CD168B56B700B91622 /* SystemConfiguration.framework */; };
		FEDD95DC168C22F900B91622 /* blackArrow.png in Resources */ = {isa = PBXBuildFile; fileRef = FEDD95D4168C22F900B91622 /* blackArrow.png */; };
		FEDD95DD168C22F900B91622 /* blackArrow@2x.png in Resources */ = {isa = PBXBuildFile; fileRef = FEDD95D5168C22F900B91622 /* blackArrow@2x.png */; };
		FEDD95DE168C22F900B91622 /* blueArrow.png in Resources */ = {isa = PBXBuildFile; fileRef = FEDD95D6168C22F900B91622 /* blueArrow.png */; };
		FEDD95DF168C22F900B91622 /* blueArrow@2x.png in Resources */ = {isa = PBXBuildFile; fileRef = FEDD95D7168C22F900B91622 /* blueArrow@2x.png */; };
		FEDD95E0168C22F900B91622 /* grayArrow.png in Resources */ = {isa = PBXBuildFile; fileRef = FEDD95D8168C22F900B91622 /* grayArrow.png */; };
		FEDD95E1168C22F900B91622 /* grayArrow@2x.png in Resources */ = {isa = PBXBuildFile; fileRef = FEDD95D9168C22F900B91622 /* grayArrow@2x.png */; };
		FEDD95E2168C22F900B91622 /* whiteArrow.png in Resources */ = {isa = PBXBuildFile; fileRef = FEDD95DA168C22F900B91622 /* whiteArrow.png */; };
		FEDD95E3168C22F900B91622 /* whiteArrow@2x.png in Resources */ = {isa = PBXBuildFile; fileRef = FEDD95DB168C22F900B91622 /* whiteArrow@2x.png */; };
		FEDD95E5168C246200B91622 /* QuartzCore.framework in Frameworks */ = {isa = PBXBuildFile; fileRef = FEDD95E4168C246200B91622 /* QuartzCore.framework */; };
		FEDD95E8168C663000B91622 /* DataCenterViewController.m in Sources */ = {isa = PBXBuildFile; fileRef = FEDD95E7168C663000B91622 /* DataCenterViewController.m */; };
/* End PBXBuildFile section */

/* Begin PBXContainerItemProxy section */
		FE1207B61685751000153B86 /* PBXContainerItemProxy */ = {
			isa = PBXContainerItemProxy;
			containerPortal = FE12077B1685750F00153B86 /* Project object */;
			proxyType = 1;
			remoteGlobalIDString = FE1207831685750F00153B86;
			remoteInfo = SportLottery;
		};
/* End PBXContainerItemProxy section */

/* Begin PBXFileReference section */
		FE1207841685750F00153B86 /* SportLottery.app */ = {isa = PBXFileReference; explicitFileType = wrapper.application; includeInIndex = 0; path = SportLottery.app; sourceTree = BUILT_PRODUCTS_DIR; };
		FE1207881685750F00153B86 /* UIKit.framework */ = {isa = PBXFileReference; lastKnownFileType = wrapper.framework; name = UIKit.framework; path = System/Library/Frameworks/UIKit.framework; sourceTree = SDKROOT; };
		FE12078A1685750F00153B86 /* Foundation.framework */ = {isa = PBXFileReference; lastKnownFileType = wrapper.framework; name = Foundation.framework; path = System/Library/Frameworks/Foundation.framework; sourceTree = SDKROOT; };
		FE12078C1685750F00153B86 /* CoreGraphics.framework */ = {isa = PBXFileReference; lastKnownFileType = wrapper.framework; name = CoreGraphics.framework; path = System/Library/Frameworks/CoreGraphics.framework; sourceTree = SDKROOT; };
		FE1207901685751000153B86 /* SportLottery-Info.plist */ = {isa = PBXFileReference; lastKnownFileType = text.plist.xml; path = "SportLottery-Info.plist"; sourceTree = "<group>"; };
		FE1207921685751000153B86 /* en */ = {isa = PBXFileReference; lastKnownFileType = text.plist.strings; name = en; path = en.lproj/InfoPlist.strings; sourceTree = "<group>"; };
		FE1207941685751000153B86 /* main.m */ = {isa = PBXFileReference; lastKnownFileType = sourcecode.c.objc; path = main.m; sourceTree = "<group>"; };
		FE1207961685751000153B86 /* SportLottery-Prefix.pch */ = {isa = PBXFileReference; lastKnownFileType = sourcecode.c.h; path = "SportLottery-Prefix.pch"; sourceTree = "<group>"; };
		FE1207971685751000153B86 /* AppDelegate.h */ = {isa = PBXFileReference; lastKnownFileType = sourcecode.c.h; path = AppDelegate.h; sourceTree = "<group>"; };
		FE1207981685751000153B86 /* AppDelegate.m */ = {isa = PBXFileReference; lastKnownFileType = sourcecode.c.objc; path = AppDelegate.m; sourceTree = "<group>"; };
		FE12079A1685751000153B86 /* Default.png */ = {isa = PBXFileReference; lastKnownFileType = image.png; path = Default.png; sourceTree = "<group>"; };
		FE12079C1685751000153B86 /* Default@2x.png */ = {isa = PBXFileReference; lastKnownFileType = image.png; path = "Default@2x.png"; sourceTree = "<group>"; };
		FE12079E1685751000153B86 /* Default-568h@2x.png */ = {isa = PBXFileReference; lastKnownFileType = image.png; path = "Default-568h@2x.png"; sourceTree = "<group>"; };
		FE1207A11685751000153B86 /* en */ = {isa = PBXFileReference; lastKnownFileType = file.storyboard; name = en; path = en.lproj/MainStoryboard_iPhone.storyboard; sourceTree = "<group>"; };
		FE1207A41685751000153B86 /* en */ = {isa = PBXFileReference; lastKnownFileType = file.storyboard; name = en; path = en.lproj/MainStoryboard_iPad.storyboard; sourceTree = "<group>"; };
		FE1207A61685751000153B86 /* MasterViewController.h */ = {isa = PBXFileReference; lastKnownFileType = sourcecode.c.h; path = MasterViewController.h; sourceTree = "<group>"; };
		FE1207A71685751000153B86 /* MasterViewController.m */ = {isa = PBXFileReference; lastKnownFileType = sourcecode.c.objc; path = MasterViewController.m; sourceTree = "<group>"; };
		FE1207A91685751000153B86 /* DetailViewController.h */ = {isa = PBXFileReference; lastKnownFileType = sourcecode.c.h; path = DetailViewController.h; sourceTree = "<group>"; };
		FE1207AA1685751000153B86 /* DetailViewController.m */ = {isa = PBXFileReference; lastKnownFileType = sourcecode.c.objc; path = DetailViewController.m; sourceTree = "<group>"; };
		FE1207B11685751000153B86 /* SportLotteryTests.octest */ = {isa = PBXFileReference; explicitFileType = wrapper.cfbundle; includeInIndex = 0; path = SportLotteryTests.octest; sourceTree = BUILT_PRODUCTS_DIR; };
		FE1207B21685751000153B86 /* SenTestingKit.framework */ = {isa = PBXFileReference; lastKnownFileType = wrapper.framework; name = SenTestingKit.framework; path = Library/Frameworks/SenTestingKit.framework; sourceTree = DEVELOPER_DIR; };
		FE1207BA1685751000153B86 /* SportLotteryTests-Info.plist */ = {isa = PBXFileReference; lastKnownFileType = text.plist.xml; path = "SportLotteryTests-Info.plist"; sourceTree = "<group>"; };
		FE1207BC1685751000153B86 /* en */ = {isa = PBXFileReference; lastKnownFileType = text.plist.strings; name = en; path = en.lproj/InfoPlist.strings; sourceTree = "<group>"; };
		FE1207BE1685751000153B86 /* SportLotteryTests.h */ = {isa = PBXFileReference; lastKnownFileType = sourcecode.c.h; path = SportLotteryTests.h; sourceTree = "<group>"; };
		FE1207BF1685751000153B86 /* SportLotteryTests.m */ = {isa = PBXFileReference; lastKnownFileType = sourcecode.c.objc; path = SportLotteryTests.m; sourceTree = "<group>"; };
		FE12517116A8EA5100ADDF07 /* logo.png */ = {isa = PBXFileReference; lastKnownFileType = image.png; path = logo.png; sourceTree = "<group>"; };
		FE12517316A8EC5100ADDF07 /* logo.png */ = {isa = PBXFileReference; lastKnownFileType = image.png; path = logo.png; sourceTree = "<group>"; };
		FE579EAA1686F83F00DA1801 /* Connector.h */ = {isa = PBXFileReference; fileEncoding = 4; lastKnownFileType = sourcecode.c.h; path = Connector.h; sourceTree = "<group>"; };
		FE579EAB1686F83F00DA1801 /* Connector.m */ = {isa = PBXFileReference; fileEncoding = 4; lastKnownFileType = sourcecode.c.objc; path = Connector.m; sourceTree = "<group>"; };
		FE579EAE1687280D00DA1801 /* NSObject+SBJson.h */ = {isa = PBXFileReference; fileEncoding = 4; lastKnownFileType = sourcecode.c.h; path = "NSObject+SBJson.h"; sourceTree = "<group>"; };
		FE579EAF1687280D00DA1801 /* NSObject+SBJson.m */ = {isa = PBXFileReference; fileEncoding = 4; lastKnownFileType = sourcecode.c.objc; path = "NSObject+SBJson.m"; sourceTree = "<group>"; };
		FE579EB01687280D00DA1801 /* SBJson.h */ = {isa = PBXFileReference; fileEncoding = 4; lastKnownFileType = sourcecode.c.h; path = SBJson.h; sourceTree = "<group>"; };
		FE579EB11687280D00DA1801 /* SBJsonParser.h */ = {isa = PBXFileReference; fileEncoding = 4; lastKnownFileType = sourcecode.c.h; path = SBJsonParser.h; sourceTree = "<group>"; };
		FE579EB21687280D00DA1801 /* SBJsonParser.m */ = {isa = PBXFileReference; fileEncoding = 4; lastKnownFileType = sourcecode.c.objc; path = SBJsonParser.m; sourceTree = "<group>"; };
		FE579EB31687280D00DA1801 /* SBJsonStreamParser.h */ = {isa = PBXFileReference; fileEncoding = 4; lastKnownFileType = sourcecode.c.h; path = SBJsonStreamParser.h; sourceTree = "<group>"; };
		FE579EB41687280D00DA1801 /* SBJsonStreamParser.m */ = {isa = PBXFileReference; fileEncoding = 4; lastKnownFileType = sourcecode.c.objc; path = SBJsonStreamParser.m; sourceTree = "<group>"; };
		FE579EB51687280D00DA1801 /* SBJsonStreamParserAccumulator.h */ = {isa = PBXFileReference; fileEncoding = 4; lastKnownFileType = sourcecode.c.h; path = SBJsonStreamParserAccumulator.h; sourceTree = "<group>"; };
		FE579EB61687280D00DA1801 /* SBJsonStreamParserAccumulator.m */ = {isa = PBXFileReference; fileEncoding = 4; lastKnownFileType = sourcecode.c.objc; path = SBJsonStreamParserAccumulator.m; sourceTree = "<group>"; };
		FE579EB71687280D00DA1801 /* SBJsonStreamParserAdapter.h */ = {isa = PBXFileReference; fileEncoding = 4; lastKnownFileType = sourcecode.c.h; path = SBJsonStreamParserAdapter.h; sourceTree = "<group>"; };
		FE579EB81687280D00DA1801 /* SBJsonStreamParserAdapter.m */ = {isa = PBXFileReference; fileEncoding = 4; lastKnownFileType = sourcecode.c.objc; path = SBJsonStreamParserAdapter.m; sourceTree = "<group>"; };
		FE579EB91687280D00DA1801 /* SBJsonStreamParserState.h */ = {isa = PBXFileReference; fileEncoding = 4; lastKnownFileType = sourcecode.c.h; path = SBJsonStreamParserState.h; sourceTree = "<group>"; };
		FE579EBA1687280D00DA1801 /* SBJsonStreamParserState.m */ = {isa = PBXFileReference; fileEncoding = 4; lastKnownFileType = sourcecode.c.objc; path = SBJsonStreamParserState.m; sourceTree = "<group>"; };
		FE579EBB1687280D00DA1801 /* SBJsonStreamWriter.h */ = {isa = PBXFileReference; fileEncoding = 4; lastKnownFileType = sourcecode.c.h; path = SBJsonStreamWriter.h; sourceTree = "<group>"; };
		FE579EBC1687280D00DA1801 /* SBJsonStreamWriter.m */ = {isa = PBXFileReference; fileEncoding = 4; lastKnownFileType = sourcecode.c.objc; path = SBJsonStreamWriter.m; sourceTree = "<group>"; };
		FE579EBD1687280D00DA1801 /* SBJsonStreamWriterAccumulator.h */ = {isa = PBXFileReference; fileEncoding = 4; lastKnownFileType = sourcecode.c.h; path = SBJsonStreamWriterAccumulator.h; sourceTree = "<group>"; };
		FE579EBE1687280D00DA1801 /* SBJsonStreamWriterAccumulator.m */ = {isa = PBXFileReference; fileEncoding = 4; lastKnownFileType = sourcecode.c.objc; path = SBJsonStreamWriterAccumulator.m; sourceTree = "<group>"; };
		FE579EBF1687280D00DA1801 /* SBJsonStreamWriterState.h */ = {isa = PBXFileReference; fileEncoding = 4; lastKnownFileType = sourcecode.c.h; path = SBJsonStreamWriterState.h; sourceTree = "<group>"; };
		FE579EC01687280D00DA1801 /* SBJsonStreamWriterState.m */ = {isa = PBXFileReference; fileEncoding = 4; lastKnownFileType = sourcecode.c.objc; path = SBJsonStreamWriterState.m; sourceTree = "<group>"; };
		FE579EC11687280D00DA1801 /* SBJsonTokeniser.h */ = {isa = PBXFileReference; fileEncoding = 4; lastKnownFileType = sourcecode.c.h; path = SBJsonTokeniser.h; sourceTree = "<group>"; };
		FE579EC21687280D00DA1801 /* SBJsonTokeniser.m */ = {isa = PBXFileReference; fileEncoding = 4; lastKnownFileType = sourcecode.c.objc; path = SBJsonTokeniser.m; sourceTree = "<group>"; };
		FE579EC31687280D00DA1801 /* SBJsonUTF8Stream.h */ = {isa = PBXFileReference; fileEncoding = 4; lastKnownFileType = sourcecode.c.h; path = SBJsonUTF8Stream.h; sourceTree = "<group>"; };
		FE579EC41687280D00DA1801 /* SBJsonUTF8Stream.m */ = {isa = PBXFileReference; fileEncoding = 4; lastKnownFileType = sourcecode.c.objc; path = SBJsonUTF8Stream.m; sourceTree = "<group>"; };
		FE579EC51687280D00DA1801 /* SBJsonWriter.h */ = {isa = PBXFileReference; fileEncoding = 4; lastKnownFileType = sourcecode.c.h; path = SBJsonWriter.h; sourceTree = "<group>"; };
		FE579EC61687280D00DA1801 /* SBJsonWriter.m */ = {isa = PBXFileReference; fileEncoding = 4; lastKnownFileType = sourcecode.c.objc; path = SBJsonWriter.m; sourceTree = "<group>"; };
		FE579ED31687620600DA1801 /* BasketballCell.h */ = {isa = PBXFileReference; fileEncoding = 4; lastKnownFileType = sourcecode.c.h; path = BasketballCell.h; sourceTree = "<group>"; };
		FE579ED41687620600DA1801 /* BasketballCell.m */ = {isa = PBXFileReference; fileEncoding = 4; lastKnownFileType = sourcecode.c.objc; path = BasketballCell.m; sourceTree = "<group>"; };
		FE579ED6168869F600DA1801 /* AllDataViewController.h */ = {isa = PBXFileReference; fileEncoding = 4; lastKnownFileType = sourcecode.c.h; path = AllDataViewController.h; sourceTree = "<group>"; };
		FE579ED7168869F600DA1801 /* AllDataViewController.m */ = {isa = PBXFileReference; fileEncoding = 4; lastKnownFileType = sourcecode.c.objc; path = AllDataViewController.m; sourceTree = "<group>"; };
		FEC8889D16B4D75400DE45DC /* EGORefreshTableHeaderView.h */ = {isa = PBXFileReference; fileEncoding = 4; lastKnownFileType = sourcecode.c.h; name = EGORefreshTableHeaderView.h; path = SportLottery/EGORefreshTableHeaderView.h; sourceTree = SOURCE_ROOT; };
		FEC8889E16B4D75400DE45DC /* EGORefreshTableHeaderView.m */ = {isa = PBXFileReference; fileEncoding = 4; lastKnownFileType = sourcecode.c.objc; name = EGORefreshTableHeaderView.m; path = SportLottery/EGORefreshTableHeaderView.m; sourceTree = SOURCE_ROOT; };
		FEDD95CD168B56B700B91622 /* SystemConfiguration.framework */ = {isa = PBXFileReference; lastKnownFileType = wrapper.framework; name = SystemConfiguration.framework; path = System/Library/Frameworks/SystemConfiguration.framework; sourceTree = SDKROOT; };
		FEDD95D4168C22F900B91622 /* blackArrow.png */ = {isa = PBXFileReference; lastKnownFileType = image.png; path = blackArrow.png; sourceTree = "<group>"; };
		FEDD95D5168C22F900B91622 /* blackArrow@2x.png */ = {isa = PBXFileReference; lastKnownFileType = image.png; path = "blackArrow@2x.png"; sourceTree = "<group>"; };
		FEDD95D6168C22F900B91622 /* blueArrow.png */ = {isa = PBXFileReference; lastKnownFileType = image.png; path = blueArrow.png; sourceTree = "<group>"; };
		FEDD95D7168C22F900B91622 /* blueArrow@2x.png */ = {isa = PBXFileReference; lastKnownFileType = image.png; path = "blueArrow@2x.png"; sourceTree = "<group>"; };
		FEDD95D8168C22F900B91622 /* grayArrow.png */ = {isa = PBXFileReference; lastKnownFileType = image.png; path = grayArrow.png; sourceTree = "<group>"; };
		FEDD95D9168C22F900B91622 /* grayArrow@2x.png */ = {isa = PBXFileReference; lastKnownFileType = image.png; path = "grayArrow@2x.png"; sourceTree = "<group>"; };
		FEDD95DA168C22F900B91622 /* whiteArrow.png */ = {isa = PBXFileReference; lastKnownFileType = image.png; path = whiteArrow.png; sourceTree = "<group>"; };
		FEDD95DB168C22F900B91622 /* whiteArrow@2x.png */ = {isa = PBXFileReference; lastKnownFileType = image.png; path = "whiteArrow@2x.png"; sourceTree = "<group>"; };
		FEDD95E4168C246200B91622 /* QuartzCore.framework */ = {isa = PBXFileReference; lastKnownFileType = wrapper.framework; name = QuartzCore.framework; path = System/Library/Frameworks/QuartzCore.framework; sourceTree = SDKROOT; };
		FEDD95E6168C663000B91622 /* DataCenterViewController.h */ = {isa = PBXFileReference; fileEncoding = 4; lastKnownFileType = sourcecode.c.h; path = DataCenterViewController.h; sourceTree = "<group>"; };
		FEDD95E7168C663000B91622 /* DataCenterViewController.m */ = {isa = PBXFileReference; fileEncoding = 4; lastKnownFileType = sourcecode.c.objc; path = DataCenterViewController.m; sourceTree = "<group>"; };
/* End PBXFileReference section */

/* Begin PBXFrameworksBuildPhase section */
		FE1207811685750F00153B86 /* Frameworks */ = {
			isa = PBXFrameworksBuildPhase;
			buildActionMask = 2147483647;
			files = (
				FEDD95E5168C246200B91622 /* QuartzCore.framework in Frameworks */,
				FEDD95CE168B56B700B91622 /* SystemConfiguration.framework in Frameworks */,
				FE1207891685750F00153B86 /* UIKit.framework in Frameworks */,
				FE12078B1685750F00153B86 /* Foundation.framework in Frameworks */,
				FE12078D1685750F00153B86 /* CoreGraphics.framework in Frameworks */,
			);
			runOnlyForDeploymentPostprocessing = 0;
		};
		FE1207AD1685751000153B86 /* Frameworks */ = {
			isa = PBXFrameworksBuildPhase;
			buildActionMask = 2147483647;
			files = (
				FE1207B31685751000153B86 /* SenTestingKit.framework in Frameworks */,
				FE1207B41685751000153B86 /* UIKit.framework in Frameworks */,
				FE1207B51685751000153B86 /* Foundation.framework in Frameworks */,
			);
			runOnlyForDeploymentPostprocessing = 0;
		};
/* End PBXFrameworksBuildPhase section */

/* Begin PBXGroup section */
		FE1207791685750F00153B86 = {
			isa = PBXGroup;
			children = (
				FE12517116A8EA5100ADDF07 /* logo.png */,
				FEDD95E4168C246200B91622 /* QuartzCore.framework */,
				FE12078E1685751000153B86 /* SportLottery */,
				FE1207B81685751000153B86 /* SportLotteryTests */,
				FE1207871685750F00153B86 /* Frameworks */,
				FE1207851685750F00153B86 /* Products */,
			);
			sourceTree = "<group>";
		};
		FE1207851685750F00153B86 /* Products */ = {
			isa = PBXGroup;
			children = (
				FE1207841685750F00153B86 /* SportLottery.app */,
				FE1207B11685751000153B86 /* SportLotteryTests.octest */,
			);
			name = Products;
			sourceTree = "<group>";
		};
		FE1207871685750F00153B86 /* Frameworks */ = {
			isa = PBXGroup;
			children = (
				FEDD95CD168B56B700B91622 /* SystemConfiguration.framework */,
				FE1207881685750F00153B86 /* UIKit.framework */,
				FE12078A1685750F00153B86 /* Foundation.framework */,
				FE12078C1685750F00153B86 /* CoreGraphics.framework */,
				FE1207B21685751000153B86 /* SenTestingKit.framework */,
			);
			name = Frameworks;
			sourceTree = "<group>";
		};
		FE12078E1685751000153B86 /* SportLottery */ = {
			isa = PBXGroup;
			children = (
				FE579EAD1687280D00DA1801 /* Classes */,
				FE579EA81686F75E00DA1801 /* views */,
				FE579EA91686F7E600DA1801 /* models */,
				FE1207971685751000153B86 /* AppDelegate.h */,
				FE1207981685751000153B86 /* AppDelegate.m */,
				FE1207A01685751000153B86 /* MainStoryboard_iPhone.storyboard */,
				FE1207A31685751000153B86 /* MainStoryboard_iPad.storyboard */,
				FE12078F1685751000153B86 /* Supporting Files */,
			);
			path = SportLottery;
			sourceTree = "<group>";
		};
		FE12078F1685751000153B86 /* Supporting Files */ = {
			isa = PBXGroup;
			children = (
				FE579EA61686F70F00DA1801 /* image */,
				FE1207901685751000153B86 /* SportLottery-Info.plist */,
				FE1207941685751000153B86 /* main.m */,
				FE1207911685751000153B86 /* InfoPlist.strings */,
				FE1207961685751000153B86 /* SportLottery-Prefix.pch */,
				FE12079A1685751000153B86 /* Default.png */,
				FE12079C1685751000153B86 /* Default@2x.png */,
				FE12079E1685751000153B86 /* Default-568h@2x.png */,
			);
			name = "Supporting Files";
			sourceTree = "<group>";
		};
		FE1207B81685751000153B86 /* SportLotteryTests */ = {
			isa = PBXGroup;
			children = (
				FE1207BE1685751000153B86 /* SportLotteryTests.h */,
				FE1207BF1685751000153B86 /* SportLotteryTests.m */,
				FE1207B91685751000153B86 /* Supporting Files */,
			);
			path = SportLotteryTests;
			sourceTree = "<group>";
		};
		FE1207B91685751000153B86 /* Supporting Files */ = {
			isa = PBXGroup;
			children = (
				FE1207BA1685751000153B86 /* SportLotteryTests-Info.plist */,
				FE1207BB1685751000153B86 /* InfoPlist.strings */,
			);
			name = "Supporting Files";
			sourceTree = "<group>";
		};
		FE579EA61686F70F00DA1801 /* image */ = {
			isa = PBXGroup;
			children = (
				FEDD95D3168C22F900B91622 /* Resources */,
				FE12517316A8EC5100ADDF07 /* logo.png */,
			);
			name = image;
			sourceTree = "<group>";
		};
		FE579EA81686F75E00DA1801 /* views */ = {
			isa = PBXGroup;
			children = (
				FE1207A61685751000153B86 /* MasterViewController.h */,
				FE1207A71685751000153B86 /* MasterViewController.m */,
				FE1207A91685751000153B86 /* DetailViewController.h */,
				FE1207AA1685751000153B86 /* DetailViewController.m */,
				FE579ED31687620600DA1801 /* BasketballCell.h */,
				FE579ED41687620600DA1801 /* BasketballCell.m */,
				FE579ED6168869F600DA1801 /* AllDataViewController.h */,
				FE579ED7168869F600DA1801 /* AllDataViewController.m */,
				FEDD95E6168C663000B91622 /* DataCenterViewController.h */,
				FEDD95E7168C663000B91622 /* DataCenterViewController.m */,
			);
			name = views;
			sourceTree = "<group>";
		};
		FE579EA91686F7E600DA1801 /* models */ = {
			isa = PBXGroup;
			children = (
				FE579EAA1686F83F00DA1801 /* Connector.h */,
				FE579EAB1686F83F00DA1801 /* Connector.m */,
			);
			name = models;
			sourceTree = "<group>";
		};
		FE579EAD1687280D00DA1801 /* Classes */ = {
			isa = PBXGroup;
			children = (
				FEDD95CF168C22DD00B91622 /* View */,
				FE579EAE1687280D00DA1801 /* NSObject+SBJson.h */,
				FE579EAF1687280D00DA1801 /* NSObject+SBJson.m */,
				FE579EB01687280D00DA1801 /* SBJson.h */,
				FE579EB11687280D00DA1801 /* SBJsonParser.h */,
				FE579EB21687280D00DA1801 /* SBJsonParser.m */,
				FE579EB31687280D00DA1801 /* SBJsonStreamParser.h */,
				FE579EB41687280D00DA1801 /* SBJsonStreamParser.m */,
				FE579EB51687280D00DA1801 /* SBJsonStreamParserAccumulator.h */,
				FE579EB61687280D00DA1801 /* SBJsonStreamParserAccumulator.m */,
				FE579EB71687280D00DA1801 /* SBJsonStreamParserAdapter.h */,
				FE579EB81687280D00DA1801 /* SBJsonStreamParserAdapter.m */,
				FE579EB91687280D00DA1801 /* SBJsonStreamParserState.h */,
				FE579EBA1687280D00DA1801 /* SBJsonStreamParserState.m */,
				FE579EBB1687280D00DA1801 /* SBJsonStreamWriter.h */,
				FE579EBC1687280D00DA1801 /* SBJsonStreamWriter.m */,
				FE579EBD1687280D00DA1801 /* SBJsonStreamWriterAccumulator.h */,
				FE579EBE1687280D00DA1801 /* SBJsonStreamWriterAccumulator.m */,
				FE579EBF1687280D00DA1801 /* SBJsonStreamWriterState.h */,
				FE579EC01687280D00DA1801 /* SBJsonStreamWriterState.m */,
				FE579EC11687280D00DA1801 /* SBJsonTokeniser.h */,
				FE579EC21687280D00DA1801 /* SBJsonTokeniser.m */,
				FE579EC31687280D00DA1801 /* SBJsonUTF8Stream.h */,
				FE579EC41687280D00DA1801 /* SBJsonUTF8Stream.m */,
				FE579EC51687280D00DA1801 /* SBJsonWriter.h */,
				FE579EC61687280D00DA1801 /* SBJsonWriter.m */,
			);
			path = Classes;
			sourceTree = "<group>";
		};
		FEDD95CF168C22DD00B91622 /* View */ = {
			isa = PBXGroup;
			children = (
				FEC8889D16B4D75400DE45DC /* EGORefreshTableHeaderView.h */,
				FEC8889E16B4D75400DE45DC /* EGORefreshTableHeaderView.m */,
			);
			name = View;
			path = "../../../../Downloads/EGOTableViewPullRefresh-master/EGOTableViewPullRefresh/Classes/View";
			sourceTree = "<group>";
		};
		FEDD95D3168C22F900B91622 /* Resources */ = {
			isa = PBXGroup;
			children = (
				FEDD95D4168C22F900B91622 /* blackArrow.png */,
				FEDD95D5168C22F900B91622 /* blackArrow@2x.png */,
				FEDD95D6168C22F900B91622 /* blueArrow.png */,
				FEDD95D7168C22F900B91622 /* blueArrow@2x.png */,
				FEDD95D8168C22F900B91622 /* grayArrow.png */,
				FEDD95D9168C22F900B91622 /* grayArrow@2x.png */,
				FEDD95DA168C22F900B91622 /* whiteArrow.png */,
				FEDD95DB168C22F900B91622 /* whiteArrow@2x.png */,
			);
			name = Resources;
			path = "../../../Downloads/EGOTableViewPullRefresh-master/EGOTableViewPullRefresh/Resources";
			sourceTree = "<group>";
		};
/* End PBXGroup section */

/* Begin PBXNativeTarget section */
		FE1207831685750F00153B86 /* SportLottery */ = {
			isa = PBXNativeTarget;
			buildConfigurationList = FE1207C31685751000153B86 /* Build configuration list for PBXNativeTarget "SportLottery" */;
			buildPhases = (
				FE1207801685750F00153B86 /* Sources */,
				FE1207811685750F00153B86 /* Frameworks */,
				FE1207821685750F00153B86 /* Resources */,
			);
			buildRules = (
			);
			dependencies = (
			);
			name = SportLottery;
			productName = SportLottery;
			productReference = FE1207841685750F00153B86 /* SportLottery.app */;
			productType = "com.apple.product-type.application";
		};
		FE1207B01685751000153B86 /* SportLotteryTests */ = {
			isa = PBXNativeTarget;
			buildConfigurationList = FE1207C61685751000153B86 /* Build configuration list for PBXNativeTarget "SportLotteryTests" */;
			buildPhases = (
				FE1207AC1685751000153B86 /* Sources */,
				FE1207AD1685751000153B86 /* Frameworks */,
				FE1207AE1685751000153B86 /* Resources */,
				FE1207AF1685751000153B86 /* ShellScript */,
			);
			buildRules = (
			);
			dependencies = (
				FE1207B71685751000153B86 /* PBXTargetDependency */,
			);
			name = SportLotteryTests;
			productName = SportLotteryTests;
			productReference = FE1207B11685751000153B86 /* SportLotteryTests.octest */;
			productType = "com.apple.product-type.bundle";
		};
/* End PBXNativeTarget section */

/* Begin PBXProject section */
		FE12077B1685750F00153B86 /* Project object */ = {
			isa = PBXProject;
			attributes = {
				LastUpgradeCheck = 0450;
				ORGANIZATIONNAME = "Yu-Chung, Yang";
			};
			buildConfigurationList = FE12077E1685750F00153B86 /* Build configuration list for PBXProject "SportLottery" */;
			compatibilityVersion = "Xcode 3.2";
			developmentRegion = English;
			hasScannedForEncodings = 0;
			knownRegions = (
				en,
			);
			mainGroup = FE1207791685750F00153B86;
			productRefGroup = FE1207851685750F00153B86 /* Products */;
			projectDirPath = "";
			projectRoot = "";
			targets = (
				FE1207831685750F00153B86 /* SportLottery */,
				FE1207B01685751000153B86 /* SportLotteryTests */,
			);
		};
/* End PBXProject section */

/* Begin PBXResourcesBuildPhase section */
		FE1207821685750F00153B86 /* Resources */ = {
			isa = PBXResourcesBuildPhase;
			buildActionMask = 2147483647;
			files = (
				FE1207931685751000153B86 /* InfoPlist.strings in Resources */,
				FE12079B1685751000153B86 /* Default.png in Resources */,
				FE12079D1685751000153B86 /* Default@2x.png in Resources */,
				FE12079F1685751000153B86 /* Default-568h@2x.png in Resources */,
				FE1207A21685751000153B86 /* MainStoryboard_iPhone.storyboard in Resources */,
				FE1207A51685751000153B86 /* MainStoryboard_iPad.storyboard in Resources */,
				FEDD95DC168C22F900B91622 /* blackArrow.png in Resources */,
				FEDD95DD168C22F900B91622 /* blackArrow@2x.png in Resources */,
				FEDD95DE168C22F900B91622 /* blueArrow.png in Resources */,
				FEDD95DF168C22F900B91622 /* blueArrow@2x.png in Resources */,
				FEDD95E0168C22F900B91622 /* grayArrow.png in Resources */,
				FEDD95E1168C22F900B91622 /* grayArrow@2x.png in Resources */,
				FEDD95E2168C22F900B91622 /* whiteArrow.png in Resources */,
				FEDD95E3168C22F900B91622 /* whiteArrow@2x.png in Resources */,
				FE12517216A8EA5100ADDF07 /* logo.png in Resources */,
				FE12517416A8EC5100ADDF07 /* logo.png in Resources */,
			);
			runOnlyForDeploymentPostprocessing = 0;
		};
		FE1207AE1685751000153B86 /* Resources */ = {
			isa = PBXResourcesBuildPhase;
			buildActionMask = 2147483647;
			files = (
				FE1207BD1685751000153B86 /* InfoPlist.strings in Resources */,
			);
			runOnlyForDeploymentPostprocessing = 0;
		};
/* End PBXResourcesBuildPhase section */

/* Begin PBXShellScriptBuildPhase section */
		FE1207AF1685751000153B86 /* ShellScript */ = {
			isa = PBXShellScriptBuildPhase;
			buildActionMask = 2147483647;
			files = (
			);
			inputPaths = (
			);
			outputPaths = (
			);
			runOnlyForDeploymentPostprocessing = 0;
			shellPath = /bin/sh;
			shellScript = "# Run the unit tests in this test bundle.\n\"${SYSTEM_DEVELOPER_DIR}/Tools/RunUnitTests\"\n";
		};
/* End PBXShellScriptBuildPhase section */

/* Begin PBXSourcesBuildPhase section */
		FE1207801685750F00153B86 /* Sources */ = {
			isa = PBXSourcesBuildPhase;
			buildActionMask = 2147483647;
			files = (
				FE1207951685751000153B86 /* main.m in Sources */,
				FE1207991685751000153B86 /* AppDelegate.m in Sources */,
				FE1207A81685751000153B86 /* MasterViewController.m in Sources */,
				FE1207AB1685751000153B86 /* DetailViewController.m in Sources */,
				FE579EAC1686F83F00DA1801 /* Connector.m in Sources */,
				FE579EC71687280D00DA1801 /* NSObject+SBJson.m in Sources */,
				FE579EC81687280D00DA1801 /* SBJsonParser.m in Sources */,
				FE579EC91687280D00DA1801 /* SBJsonStreamParser.m in Sources */,
				FE579ECA1687280D00DA1801 /* SBJsonStreamParserAccumulator.m in Sources */,
				FE579ECB1687280D00DA1801 /* SBJsonStreamParserAdapter.m in Sources */,
				FE579ECC1687280E00DA1801 /* SBJsonStreamParserState.m in Sources */,
				FE579ECD1687280E00DA1801 /* SBJsonStreamWriter.m in Sources */,
				FE579ECE1687280E00DA1801 /* SBJsonStreamWriterAccumulator.m in Sources */,
				FE579ECF1687280E00DA1801 /* SBJsonStreamWriterState.m in Sources */,
				FE579ED01687280E00DA1801 /* SBJsonTokeniser.m in Sources */,
				FE579ED11687280E00DA1801 /* SBJsonUTF8Stream.m in Sources */,
				FE579ED21687280E00DA1801 /* SBJsonWriter.m in Sources */,
				FE579ED51687620600DA1801 /* BasketballCell.m in Sources */,
				FE579ED8168869F600DA1801 /* AllDataViewController.m in Sources */,
				FEDD95E8168C663000B91622 /* DataCenterViewController.m in Sources */,
				FEC8889F16B4D75400DE45DC /* EGORefreshTableHeaderView.m in Sources */,
			);
			runOnlyForDeploymentPostprocessing = 0;
		};
		FE1207AC1685751000153B86 /* Sources */ = {
			isa = PBXSourcesBuildPhase;
			buildActionMask = 2147483647;
			files = (
				FE1207C01685751000153B86 /* SportLotteryTests.m in Sources */,
			);
			runOnlyForDeploymentPostprocessing = 0;
		};
/* End PBXSourcesBuildPhase section */

/* Begin PBXTargetDependency section */
		FE1207B71685751000153B86 /* PBXTargetDependency */ = {
			isa = PBXTargetDependency;
			target = FE1207831685750F00153B86 /* SportLottery */;
			targetProxy = FE1207B61685751000153B86 /* PBXContainerItemProxy */;
		};
/* End PBXTargetDependency section */

/* Begin PBXVariantGroup section */
		FE1207911685751000153B86 /* InfoPlist.strings */ = {
			isa = PBXVariantGroup;
			children = (
				FE1207921685751000153B86 /* en */,
			);
			name = InfoPlist.strings;
			sourceTree = "<group>";
		};
		FE1207A01685751000153B86 /* MainStoryboard_iPhone.storyboard */ = {
			isa = PBXVariantGroup;
			children = (
				FE1207A11685751000153B86 /* en */,
			);
			name = MainStoryboard_iPhone.storyboard;
			sourceTree = "<group>";
		};
		FE1207A31685751000153B86 /* MainStoryboard_iPad.storyboard */ = {
			isa = PBXVariantGroup;
			children = (
				FE1207A41685751000153B86 /* en */,
			);
			name = MainStoryboard_iPad.storyboard;
			sourceTree = "<group>";
		};
		FE1207BB1685751000153B86 /* InfoPlist.strings */ = {
			isa = PBXVariantGroup;
			children = (
				FE1207BC1685751000153B86 /* en */,
			);
			name = InfoPlist.strings;
			sourceTree = "<group>";
		};
/* End PBXVariantGroup section */

/* Begin XCBuildConfiguration section */
		FE1207C11685751000153B86 /* Debug */ = {
			isa = XCBuildConfiguration;
			buildSettings = {
				ALWAYS_SEARCH_USER_PATHS = NO;
				CLANG_CXX_LANGUAGE_STANDARD = "gnu++0x";
				CLANG_CXX_LIBRARY = "libc++";
				CLANG_ENABLE_OBJC_ARC = YES;
				CLANG_WARN_EMPTY_BODY = YES;
				CLANG_WARN__DUPLICATE_METHOD_MATCH = YES;
				"CODE_SIGN_IDENTITY[sdk=iphoneos*]" = "iPhone Developer: Yu-Chung Yang (5GJM24M2S2)";
				COPY_PHASE_STRIP = NO;
				GCC_C_LANGUAGE_STANDARD = gnu99;
				GCC_DYNAMIC_NO_PIC = NO;
				GCC_OPTIMIZATION_LEVEL = 0;
				GCC_PREPROCESSOR_DEFINITIONS = (
					"DEBUG=1",
					"$(inherited)",
				);
				GCC_SYMBOLS_PRIVATE_EXTERN = NO;
				"GCC_SYMBOLS_PRIVATE_EXTERN[arch=*]" = YES;
				GCC_WARN_ABOUT_RETURN_TYPE = YES;
				GCC_WARN_UNINITIALIZED_AUTOS = YES;
				GCC_WARN_UNUSED_VARIABLE = YES;
				IPHONEOS_DEPLOYMENT_TARGET = 6.0;
				ONLY_ACTIVE_ARCH = YES;
				"PROVISIONING_PROFILE[sdk=iphoneos*]" = "";
				SDKROOT = iphoneos;
				TARGETED_DEVICE_FAMILY = "1,2";
			};
			name = Debug;
		};
		FE1207C21685751000153B86 /* Release */ = {
			isa = XCBuildConfiguration;
			buildSettings = {
				ALWAYS_SEARCH_USER_PATHS = NO;
				CLANG_CXX_LANGUAGE_STANDARD = "gnu++0x";
				CLANG_CXX_LIBRARY = "libc++";
				CLANG_ENABLE_OBJC_ARC = YES;
				CLANG_WARN_EMPTY_BODY = YES;
				CLANG_WARN__DUPLICATE_METHOD_MATCH = YES;
				"CODE_SIGN_IDENTITY[sdk=iphoneos*]" = "iPhone Developer: Yu-Chung Yang (5GJM24M2S2)";
				COPY_PHASE_STRIP = YES;
				GCC_C_LANGUAGE_STANDARD = gnu99;
				GCC_WARN_ABOUT_RETURN_TYPE = YES;
				GCC_WARN_UNINITIALIZED_AUTOS = YES;
				GCC_WARN_UNUSED_VARIABLE = YES;
				IPHONEOS_DEPLOYMENT_TARGET = 6.0;
				ONLY_ACTIVE_ARCH = YES;
				OTHER_CFLAGS = "-DNS_BLOCK_ASSERTIONS=1";
				"PROVISIONING_PROFILE[sdk=iphoneos*]" = "";
				SDKROOT = iphoneos;
				TARGETED_DEVICE_FAMILY = "1,2";
				VALIDATE_PRODUCT = YES;
			};
			name = Release;
		};
		FE1207C41685751000153B86 /* Debug */ = {
			isa = XCBuildConfiguration;
			buildSettings = {
				"CODE_SIGN_IDENTITY[sdk=iphoneos*]" = "iPhone Developer: Yu-Chung Yang (5GJM24M2S2)";
				GCC_PRECOMPILE_PREFIX_HEADER = YES;
				GCC_PREFIX_HEADER = "SportLottery/SportLottery-Prefix.pch";
				"GCC_SYMBOLS_PRIVATE_EXTERN[arch=*]" = YES;
				INFOPLIST_FILE = "SportLottery/SportLottery-Info.plist";
				PRODUCT_NAME = "$(TARGET_NAME)";
				"PROVISIONING_PROFILE[sdk=iphoneos*]" = "";
				WRAPPER_EXTENSION = app;
			};
			name = Debug;
		};
		FE1207C51685751000153B86 /* Release */ = {
			isa = XCBuildConfiguration;
			buildSettings = {
				GCC_PRECOMPILE_PREFIX_HEADER = YES;
				GCC_PREFIX_HEADER = "SportLottery/SportLottery-Prefix.pch";
				INFOPLIST_FILE = "SportLottery/SportLottery-Info.plist";
				PRODUCT_NAME = "$(TARGET_NAME)";
				WRAPPER_EXTENSION = app;
			};
			name = Release;
		};
		FE1207C71685751000153B86 /* Debug */ = {
			isa = XCBuildConfiguration;
			buildSettings = {
				BUNDLE_LOADER = "$(BUILT_PRODUCTS_DIR)/SportLottery.app/SportLottery";
				FRAMEWORK_SEARCH_PATHS = (
					"\"$(SDKROOT)/Developer/Library/Frameworks\"",
					"\"$(DEVELOPER_LIBRARY_DIR)/Frameworks\"",
				);
				GCC_PRECOMPILE_PREFIX_HEADER = YES;
				GCC_PREFIX_HEADER = "SportLottery/SportLottery-Prefix.pch";
				INFOPLIST_FILE = "SportLotteryTests/SportLotteryTests-Info.plist";
				PRODUCT_NAME = "$(TARGET_NAME)";
				TEST_HOST = "$(BUNDLE_LOADER)";
				WRAPPER_EXTENSION = octest;
			};
			name = Debug;
		};
		FE1207C81685751000153B86 /* Release */ = {
			isa = XCBuildConfiguration;
			buildSettings = {
				BUNDLE_LOADER = "$(BUILT_PRODUCTS_DIR)/SportLottery.app/SportLottery";
				FRAMEWORK_SEARCH_PATHS = (
					"\"$(SDKROOT)/Developer/Library/Frameworks\"",
					"\"$(DEVELOPER_LIBRARY_DIR)/Frameworks\"",
				);
				GCC_PRECOMPILE_PREFIX_HEADER = YES;
				GCC_PREFIX_HEADER = "SportLottery/SportLottery-Prefix.pch";
				INFOPLIST_FILE = "SportLotteryTests/SportLotteryTests-Info.plist";
				PRODUCT_NAME = "$(TARGET_NAME)";
				TEST_HOST = "$(BUNDLE_LOADER)";
				WRAPPER_EXTENSION = octest;
			};
			name = Release;
		};
/* End XCBuildConfiguration section */

/* Begin XCConfigurationList section */
		FE12077E1685750F00153B86 /* Build configuration list for PBXProject "SportLottery" */ = {
			isa = XCConfigurationList;
			buildConfigurations = (
				FE1207C11685751000153B86 /* Debug */,
				FE1207C21685751000153B86 /* Release */,
			);
			defaultConfigurationIsVisible = 0;
			defaultConfigurationName = Release;
		};
		FE1207C31685751000153B86 /* Build configuration list for PBXNativeTarget "SportLottery" */ = {
			isa = XCConfigurationList;
			buildConfigurations = (
				FE1207C41685751000153B86 /* Debug */,
				FE1207C51685751000153B86 /* Release */,
			);
			defaultConfigurationIsVisible = 0;
			defaultConfigurationName = Release;
		};
		FE1207C61685751000153B86 /* Build configuration list for PBXNativeTarget "SportLotteryTests" */ = {
			isa = XCConfigurationList;
			buildConfigurations = (
				FE1207C71685751000153B86 /* Debug */,
				FE1207C81685751000153B86 /* Release */,
			);
			defaultConfigurationIsVisible = 0;
			defaultConfigurationName = Release;
		};
/* End XCConfigurationList section */
	};
	rootObject = FE12077B1685750F00153B86 /* Project object */;
}
